PODS:
  - Flutter (1.0.0)
  - Protobuf (3.12.0)
  - unity_mediation (0.0.1):
    - Flutter
    - UnityMediationSdk
    - UnityMediationUnityAdapter
  - UnityAds (4.4.1)
  - UnityMediationAdapter (3.0.2):
    - UnityMediationLogging (~> 1.0)
  - UnityMediationLogging (1.0.1)
  - UnityMediationSdk (1.0.3):
    - Protobuf (~> 3.12.0)
    - UnityMediationAdapter (~> 3.0)
    - UnityMediationLogging (~> 1.0)
    - UnityServicesIdentifiers (~> 1.0)
  - UnityMediationUnityAdapter (1.0.2):
    - UnityAds (~> 4.1)
    - UnityMediationAdapter (~> 3.0)
    - UnityMediationSdk (>= 0.5)
  - UnityServicesIdentifiers (1.0.0)

DEPENDENCIES:
  - Flutter (from `Flutter`)
  - unity_mediation (from `.symlinks/plugins/unity_mediation/ios`)

SPEC REPOS:
  https://github.com/CocoaPods/Specs.git:
    - Protobuf
    - UnityAds
    - UnityMediationAdapter
    - UnityMediationLogging
    - UnityMediationSdk
    - UnityMediationUnityAdapter
    - UnityServicesIdentifiers

EXTERNAL SOURCES:
  Flutter:
    :path: Flutter
  unity_mediation:
    :path: ".symlinks/plugins/unity_mediation/ios"

SPEC CHECKSUMS:
  Flutter: f04841e97a9d0b0a8025694d0796dd46242b2854
  Protobuf: 2793fcd0622a00b546c60e7cbbcc493e043e9bb9
  unity_mediation: e2e98755cef086fd91807fbdba99d0300b00c9ef
  UnityAds: 1af6c4fdd7030c2593c58f520504e167561175ab
  UnityMediationAdapter: 92d76b74095cbd485c03d96115e9201e5b46fbf7
  UnityMediationLogging: 1a62837a67e0fbef4656c17520abdaea17fc5c0a
  UnityMediationSdk: 013df23a5aeba5647785dfa95df37fa979b6132b
  UnityMediationUnityAdapter: 7396edc2fcc5e826679d9b69ed634343de5d2247
  UnityServicesIdentifiers: 1cebbb5c4ff1663b94a845beb47d039a569212bb

PODFILE CHECKSUM: 2b6cfef510a2952ea8c883281f1ec1b5f6316300

COCOAPODS: 1.11.2
